# Generated by buf. DO NOT EDIT.
version: v2
deps:
  - name: buf.build/cresplanex/types
    commit: 5cfa13fd79a947baba0713d1bc4bb2a2
    digest: b5:634e29aa69a23b8f8b64bfc8a5853b685384b2194b68a92d0a5ec91fe0b6c8ceb44ae22cdf13eb5917cacd7531efa7daba0ee345d93bf1a2dd605e464e180c48
  - name: buf.build/protocolbuffers/wellknowntypes
    commit: d59b7d45e69d4e129a1b797e2766f067
    digest: b5:79d98c29b4fadd41adba4396b9c628daf2db955f7a2cbd8dd00fb21911b31463948b1d2ba4ba202fad034eec23dbf9f56ea3c8dcef5f88e5b85111eadae88359
